
Microsoft Visual Studio Solution File, Format Version 12.00
# Visual Studio 14
VisualStudioVersion = 14.0.25420.1
MinimumVisualStudioVersion = 10.0.40219.1
Project("{2150E333-8FDC-42A3-9474-1A3956D46DE8}") = "src", "src", "{4AE549C1-14C2-4390-B0A2-8C0C0085F0CD}"
EndProject
Project("{2150E333-8FDC-42A3-9474-1A3956D46DE8}") = "Solution Items", "Solution Items", "{36E16BB1-1E3C-447F-A67A-C89ED25A39AD}"
	ProjectSection(SolutionItems) = preProject
		global.json = global.json
	EndProjectSection
EndProject
Project("{8BB2217D-0F2D-49D1-97BC-3654ED321F3B}") = "Cities", "src\Cities\Cities.xproj", "{FC707899-1C20-48DE-92A1-879290AC7733}"
EndProject
Global
	GlobalSection(SolutionConfigurationPlatforms) = preSolution
		Debug|Any CPU = Debug|Any CPU
		Release|Any CPU = Release|Any CPU
	EndGlobalSection
	GlobalSection(ProjectConfigurationPlatforms) = postSolution
		{FC707899-1C20-48DE-92A1-879290AC7733}.Debug|Any CPU.ActiveCfg = Debug|Any CPU
		{FC707899-1C20-48DE-92A1-879290AC7733}.Debug|Any CPU.Build.0 = Debug|Any CPU
		{FC707899-1C20-48DE-92A1-879290AC7733}.Release|Any CPU.ActiveCfg = Release|Any CPU
		{FC707899-1C20-48DE-92A1-879290AC7733}.Release|Any CPU.Build.0 = Release|Any CPU
	EndGlobalSection
	GlobalSection(SolutionProperties) = preSolution
		HideSolutionNode = FALSE
	EndGlobalSection
	GlobalSection(NestedProjects) = preSolution
		{FC707899-1C20-48DE-92A1-879290AC7733} = {4AE549C1-14C2-4390-B0A2-8C0C0085F0CD}
	EndGlobalSection
EndGlobal
